// !$*UTF8*$!
{
	archiveVersion = 1;
	classes = {
	};
	objectVersion = 56;
	objects = {

/* Begin PBXBuildFile section */
		673EB1962BEE18860030B294 /* PaymentView.swift in Sources */ = {isa = PBXBuildFile; fileRef = 673EB1952BEE18860030B294 /* PaymentView.swift */; };
		673EB1982BEE24CD0030B294 /* CardView.swift in Sources */ = {isa = PBXBuildFile; fileRef = 673EB1972BEE24CD0030B294 /* CardView.swift */; };
		6766736C2BEA794400BA55C6 /* CodeTextFieldModifier.swift in Sources */ = {isa = PBXBuildFile; fileRef = 6766736B2BEA794400BA55C6 /* CodeTextFieldModifier.swift */; };
		6766736E2BEBAD6800BA55C6 /* ProfileView.swift in Sources */ = {isa = PBXBuildFile; fileRef = 6766736D2BEBAD6800BA55C6 /* ProfileView.swift */; };
		676673702BEBAE5700BA55C6 /* ListSectionView.swift in Sources */ = {isa = PBXBuildFile; fileRef = 6766736F2BEBAE5700BA55C6 /* ListSectionView.swift */; };
		676673722BEBBD3E00BA55C6 /* GoodsView.swift in Sources */ = {isa = PBXBuildFile; fileRef = 676673712BEBBD3E00BA55C6 /* GoodsView.swift */; };
		676673742BEBBF9D00BA55C6 /* Good.swift in Sources */ = {isa = PBXBuildFile; fileRef = 676673732BEBBF9D00BA55C6 /* Good.swift */; };
		676673762BEBC0F500BA55C6 /* GoodCellView.swift in Sources */ = {isa = PBXBuildFile; fileRef = 676673752BEBC0F500BA55C6 /* GoodCellView.swift */; };
		6766737A2BEBD4D700BA55C6 /* MainTabBarView.swift in Sources */ = {isa = PBXBuildFile; fileRef = 676673792BEBD4D700BA55C6 /* MainTabBarView.swift */; };
		6766737F2BEBE2E700BA55C6 /* FiltersView.swift in Sources */ = {isa = PBXBuildFile; fileRef = 6766737E2BEBE2E700BA55C6 /* FiltersView.swift */; };
		67EE82742BE8E315001CE617 /* SUIProfApp.swift in Sources */ = {isa = PBXBuildFile; fileRef = 67EE82732BE8E315001CE617 /* SUIProfApp.swift */; };
		67EE82762BE8E315001CE617 /* ContentView.swift in Sources */ = {isa = PBXBuildFile; fileRef = 67EE82752BE8E315001CE617 /* ContentView.swift */; };
		67EE82782BE8E317001CE617 /* Assets.xcassets in Resources */ = {isa = PBXBuildFile; fileRef = 67EE82772BE8E317001CE617 /* Assets.xcassets */; };
		67EE827B2BE8E317001CE617 /* Preview Assets.xcassets in Resources */ = {isa = PBXBuildFile; fileRef = 67EE827A2BE8E317001CE617 /* Preview Assets.xcassets */; };
		67EE82822BE8EC59001CE617 /* StartView.swift in Sources */ = {isa = PBXBuildFile; fileRef = 67EE82812BE8EC59001CE617 /* StartView.swift */; };
		67EE82842BE8F7EA001CE617 /* LoginView.swift in Sources */ = {isa = PBXBuildFile; fileRef = 67EE82832BE8F7EA001CE617 /* LoginView.swift */; };
		67EE82862BE8F7FC001CE617 /* DetailView.swift in Sources */ = {isa = PBXBuildFile; fileRef = 67EE82852BE8F7FC001CE617 /* DetailView.swift */; };
		67EE82882BE8F80E001CE617 /* VerificationView.swift in Sources */ = {isa = PBXBuildFile; fileRef = 67EE82872BE8F80E001CE617 /* VerificationView.swift */; };
		67EE828A2BE92612001CE617 /* Colors.xcassets in Resources */ = {isa = PBXBuildFile; fileRef = 67EE82892BE92612001CE617 /* Colors.xcassets */; };
		67EE82932BEA29DF001CE617 /* AppViewModel.swift in Sources */ = {isa = PBXBuildFile; fileRef = 67EE82922BEA29DF001CE617 /* AppViewModel.swift */; };
/* End PBXBuildFile section */

/* Begin PBXFileReference section */
		673EB1952BEE18860030B294 /* PaymentView.swift */ = {isa = PBXFileReference; lastKnownFileType = sourcecode.swift; path = PaymentView.swift; sourceTree = "<group>"; };
		673EB1972BEE24CD0030B294 /* CardView.swift */ = {isa = PBXFileReference; lastKnownFileType = sourcecode.swift; path = CardView.swift; sourceTree = "<group>"; };
		6766736B2BEA794400BA55C6 /* CodeTextFieldModifier.swift */ = {isa = PBXFileReference; lastKnownFileType = sourcecode.swift; path = CodeTextFieldModifier.swift; sourceTree = "<group>"; };
		6766736D2BEBAD6800BA55C6 /* ProfileView.swift */ = {isa = PBXFileReference; lastKnownFileType = sourcecode.swift; path = ProfileView.swift; sourceTree = "<group>"; };
		6766736F2BEBAE5700BA55C6 /* ListSectionView.swift */ = {isa = PBXFileReference; lastKnownFileType = sourcecode.swift; path = ListSectionView.swift; sourceTree = "<group>"; };
		676673712BEBBD3E00BA55C6 /* GoodsView.swift */ = {isa = PBXFileReference; lastKnownFileType = sourcecode.swift; path = GoodsView.swift; sourceTree = "<group>"; };
		676673732BEBBF9D00BA55C6 /* Good.swift */ = {isa = PBXFileReference; lastKnownFileType = sourcecode.swift; path = Good.swift; sourceTree = "<group>"; };
		676673752BEBC0F500BA55C6 /* GoodCellView.swift */ = {isa = PBXFileReference; lastKnownFileType = sourcecode.swift; path = GoodCellView.swift; sourceTree = "<group>"; };
		676673792BEBD4D700BA55C6 /* MainTabBarView.swift */ = {isa = PBXFileReference; lastKnownFileType = sourcecode.swift; path = MainTabBarView.swift; sourceTree = "<group>"; };
		6766737E2BEBE2E700BA55C6 /* FiltersView.swift */ = {isa = PBXFileReference; lastKnownFileType = sourcecode.swift; name = FiltersView.swift; path = SUIProf/Models/FiltersView.swift; sourceTree = SOURCE_ROOT; };
		67EE82702BE8E315001CE617 /* SUIProf.app */ = {isa = PBXFileReference; explicitFileType = wrapper.application; includeInIndex = 0; path = SUIProf.app; sourceTree = BUILT_PRODUCTS_DIR; };
		67EE82732BE8E315001CE617 /* SUIProfApp.swift */ = {isa = PBXFileReference; lastKnownFileType = sourcecode.swift; path = SUIProfApp.swift; sourceTree = "<group>"; };
		67EE82752BE8E315001CE617 /* ContentView.swift */ = {isa = PBXFileReference; lastKnownFileType = sourcecode.swift; path = ContentView.swift; sourceTree = "<group>"; };
		67EE82772BE8E317001CE617 /* Assets.xcassets */ = {isa = PBXFileReference; lastKnownFileType = folder.assetcatalog; path = Assets.xcassets; sourceTree = "<group>"; };
		67EE827A2BE8E317001CE617 /* Preview Assets.xcassets */ = {isa = PBXFileReference; lastKnownFileType = folder.assetcatalog; path = "Preview Assets.xcassets"; sourceTree = "<group>"; };
		67EE82812BE8EC59001CE617 /* StartView.swift */ = {isa = PBXFileReference; lastKnownFileType = sourcecode.swift; path = StartView.swift; sourceTree = "<group>"; };
		67EE82832BE8F7EA001CE617 /* LoginView.swift */ = {isa = PBXFileReference; lastKnownFileType = sourcecode.swift; path = LoginView.swift; sourceTree = "<group>"; };
		67EE82852BE8F7FC001CE617 /* DetailView.swift */ = {isa = PBXFileReference; lastKnownFileType = sourcecode.swift; path = DetailView.swift; sourceTree = "<group>"; };
		67EE82872BE8F80E001CE617 /* VerificationView.swift */ = {isa = PBXFileReference; lastKnownFileType = sourcecode.swift; path = VerificationView.swift; sourceTree = "<group>"; };
		67EE82892BE92612001CE617 /* Colors.xcassets */ = {isa = PBXFileReference; lastKnownFileType = folder.assetcatalog; path = Colors.xcassets; sourceTree = "<group>"; };
		67EE82922BEA29DF001CE617 /* AppViewModel.swift */ = {isa = PBXFileReference; lastKnownFileType = sourcecode.swift; path = AppViewModel.swift; sourceTree = "<group>"; };
/* End PBXFileReference section */

/* Begin PBXFrameworksBuildPhase section */
		67EE826D2BE8E315001CE617 /* Frameworks */ = {
			isa = PBXFrameworksBuildPhase;
			buildActionMask = 2147483647;
			files = (
			);
			runOnlyForDeploymentPostprocessing = 0;
		};
/* End PBXFrameworksBuildPhase section */

/* Begin PBXGroup section */
		676673772BEBC74500BA55C6 /* Cells */ = {
			isa = PBXGroup;
			children = (
				6766736F2BEBAE5700BA55C6 /* ListSectionView.swift */,
				676673752BEBC0F500BA55C6 /* GoodCellView.swift */,
			);
			path = Cells;
			sourceTree = "<group>";
		};
		676673782BEBC75500BA55C6 /* Scenes */ = {
			isa = PBXGroup;
			children = (
				67EE82752BE8E315001CE617 /* ContentView.swift */,
				67EE82812BE8EC59001CE617 /* StartView.swift */,
				676673792BEBD4D700BA55C6 /* MainTabBarView.swift */,
				67EE82832BE8F7EA001CE617 /* LoginView.swift */,
				67EE82872BE8F80E001CE617 /* VerificationView.swift */,
				6766736D2BEBAD6800BA55C6 /* ProfileView.swift */,
				676673712BEBBD3E00BA55C6 /* GoodsView.swift */,
				67EE82852BE8F7FC001CE617 /* DetailView.swift */,
				6766737E2BEBE2E700BA55C6 /* FiltersView.swift */,
				673EB1952BEE18860030B294 /* PaymentView.swift */,
				673EB1972BEE24CD0030B294 /* CardView.swift */,
			);
			path = Scenes;
			sourceTree = "<group>";
		};
		6766737B2BEBD77700BA55C6 /* Models */ = {
			isa = PBXGroup;
			children = (
				676673732BEBBF9D00BA55C6 /* Good.swift */,
			);
			path = Models;
			sourceTree = "<group>";
		};
		6766737C2BEBD79400BA55C6 /* ViewModels */ = {
			isa = PBXGroup;
			children = (
				67EE82922BEA29DF001CE617 /* AppViewModel.swift */,
			);
			path = ViewModels;
			sourceTree = "<group>";
		};
		6766737D2BEBD79F00BA55C6 /* App */ = {
			isa = PBXGroup;
			children = (
				67EE82732BE8E315001CE617 /* SUIProfApp.swift */,
			);
			path = App;
			sourceTree = "<group>";
		};
		67EE82672BE8E315001CE617 = {
			isa = PBXGroup;
			children = (
				67EE82722BE8E315001CE617 /* SUIProf */,
				67EE82712BE8E315001CE617 /* Products */,
			);
			sourceTree = "<group>";
		};
		67EE82712BE8E315001CE617 /* Products */ = {
			isa = PBXGroup;
			children = (
				67EE82702BE8E315001CE617 /* SUIProf.app */,
			);
			name = Products;
			sourceTree = "<group>";
		};
		67EE82722BE8E315001CE617 /* SUIProf */ = {
			isa = PBXGroup;
			children = (
				6766737D2BEBD79F00BA55C6 /* App */,
				6766737C2BEBD79400BA55C6 /* ViewModels */,
				67EE828D2BE93674001CE617 /* Helpers */,
				6766737B2BEBD77700BA55C6 /* Models */,
				676673782BEBC75500BA55C6 /* Scenes */,
				676673772BEBC74500BA55C6 /* Cells */,
				67EE82892BE92612001CE617 /* Colors.xcassets */,
				67EE82772BE8E317001CE617 /* Assets.xcassets */,
				67EE82792BE8E317001CE617 /* Preview Content */,
			);
			path = SUIProf;
			sourceTree = "<group>";
		};
		67EE82792BE8E317001CE617 /* Preview Content */ = {
			isa = PBXGroup;
			children = (
				67EE827A2BE8E317001CE617 /* Preview Assets.xcassets */,
			);
			path = "Preview Content";
			sourceTree = "<group>";
		};
		67EE828D2BE93674001CE617 /* Helpers */ = {
			isa = PBXGroup;
			children = (
				6766736B2BEA794400BA55C6 /* CodeTextFieldModifier.swift */,
			);
			path = Helpers;
			sourceTree = "<group>";
		};
/* End PBXGroup section */

/* Begin PBXNativeTarget section */
		67EE826F2BE8E315001CE617 /* SUIProf */ = {
			isa = PBXNativeTarget;
			buildConfigurationList = 67EE827E2BE8E317001CE617 /* Build configuration list for PBXNativeTarget "SUIProf" */;
			buildPhases = (
				67EE826C2BE8E315001CE617 /* Sources */,
				67EE826D2BE8E315001CE617 /* Frameworks */,
				67EE826E2BE8E315001CE617 /* Resources */,
			);
			buildRules = (
			);
			dependencies = (
			);
			name = SUIProf;
			productName = SUIProf;
			productReference = 67EE82702BE8E315001CE617 /* SUIProf.app */;
			productType = "com.apple.product-type.application";
		};
/* End PBXNativeTarget section */

/* Begin PBXProject section */
		67EE82682BE8E315001CE617 /* Project object */ = {
			isa = PBXProject;
			attributes = {
				BuildIndependentTargetsInParallel = 1;
				LastSwiftUpdateCheck = 1500;
				LastUpgradeCheck = 1500;
				TargetAttributes = {
					67EE826F2BE8E315001CE617 = {
						CreatedOnToolsVersion = 15.0.1;
					};
				};
			};
			buildConfigurationList = 67EE826B2BE8E315001CE617 /* Build configuration list for PBXProject "SUIProf" */;
			compatibilityVersion = "Xcode 14.0";
			developmentRegion = en;
			hasScannedForEncodings = 0;
			knownRegions = (
				en,
				Base,
			);
			mainGroup = 67EE82672BE8E315001CE617;
			productRefGroup = 67EE82712BE8E315001CE617 /* Products */;
			projectDirPath = "";
			projectRoot = "";
			targets = (
				67EE826F2BE8E315001CE617 /* SUIProf */,
			);
		};
/* End PBXProject section */

/* Begin PBXResourcesBuildPhase section */
		67EE826E2BE8E315001CE617 /* Resources */ = {
			isa = PBXResourcesBuildPhase;
			buildActionMask = 2147483647;
			files = (
				67EE828A2BE92612001CE617 /* Colors.xcassets in Resources */,
				67EE827B2BE8E317001CE617 /* Preview Assets.xcassets in Resources */,
				67EE82782BE8E317001CE617 /* Assets.xcassets in Resources */,
			);
			runOnlyForDeploymentPostprocessing = 0;
		};
/* End PBXResourcesBuildPhase section */

/* Begin PBXSourcesBuildPhase section */
		67EE826C2BE8E315001CE617 /* Sources */ = {
			isa = PBXSourcesBuildPhase;
			buildActionMask = 2147483647;
			files = (
				676673702BEBAE5700BA55C6 /* ListSectionView.swift in Sources */,
				676673762BEBC0F500BA55C6 /* GoodCellView.swift in Sources */,
				67EE82822BE8EC59001CE617 /* StartView.swift in Sources */,
				676673722BEBBD3E00BA55C6 /* GoodsView.swift in Sources */,
				6766737F2BEBE2E700BA55C6 /* FiltersView.swift in Sources */,
				673EB1962BEE18860030B294 /* PaymentView.swift in Sources */,
				6766736E2BEBAD6800BA55C6 /* ProfileView.swift in Sources */,
				67EE82762BE8E315001CE617 /* ContentView.swift in Sources */,
				6766736C2BEA794400BA55C6 /* CodeTextFieldModifier.swift in Sources */,
				676673742BEBBF9D00BA55C6 /* Good.swift in Sources */,
				67EE82932BEA29DF001CE617 /* AppViewModel.swift in Sources */,
				6766737A2BEBD4D700BA55C6 /* MainTabBarView.swift in Sources */,
				67EE82842BE8F7EA001CE617 /* LoginView.swift in Sources */,
				67EE82882BE8F80E001CE617 /* VerificationView.swift in Sources */,
				67EE82862BE8F7FC001CE617 /* DetailView.swift in Sources */,
				673EB1982BEE24CD0030B294 /* CardView.swift in Sources */,
				67EE82742BE8E315001CE617 /* SUIProfApp.swift in Sources */,
			);
			runOnlyForDeploymentPostprocessing = 0;
		};
/* End PBXSourcesBuildPhase section */

/* Begin XCBuildConfiguration section */
		67EE827C2BE8E317001CE617 /* Debug */ = {
			isa = XCBuildConfiguration;
			buildSettings = {
				ALWAYS_SEARCH_USER_PATHS = NO;
				ASSETCATALOG_COMPILER_GENERATE_SWIFT_ASSET_SYMBOL_EXTENSIONS = YES;
				CLANG_ANALYZER_NONNULL = YES;
				CLANG_ANALYZER_NUMBER_OBJECT_CONVERSION = YES_AGGRESSIVE;
				CLANG_CXX_LANGUAGE_STANDARD = "gnu++20";
				CLANG_ENABLE_MODULES = YES;
				CLANG_ENABLE_OBJC_ARC = YES;
				CLANG_ENABLE_OBJC_WEAK = YES;
				CLANG_WARN_BLOCK_CAPTURE_AUTORELEASING = YES;
				CLANG_WARN_BOOL_CONVERSION = YES;
				CLANG_WARN_COMMA = YES;
				CLANG_WARN_CONSTANT_CONVERSION = YES;
				CLANG_WARN_DEPRECATED_OBJC_IMPLEMENTATIONS = YES;
				CLANG_WARN_DIRECT_OBJC_ISA_USAGE = YES_ERROR;
				CLANG_WARN_DOCUMENTATION_COMMENTS = YES;
				CLANG_WARN_EMPTY_BODY = YES;
				CLANG_WARN_ENUM_CONVERSION = YES;
				CLANG_WARN_INFINITE_RECURSION = YES;
				CLANG_WARN_INT_CONVERSION = YES;
				CLANG_WARN_NON_LITERAL_NULL_CONVERSION = YES;
				CLANG_WARN_OBJC_IMPLICIT_RETAIN_SELF = YES;
				CLANG_WARN_OBJC_LITERAL_CONVERSION = YES;
				CLANG_WARN_OBJC_ROOT_CLASS = YES_ERROR;
				CLANG_WARN_QUOTED_INCLUDE_IN_FRAMEWORK_HEADER = YES;
				CLANG_WARN_RANGE_LOOP_ANALYSIS = YES;
				CLANG_WARN_STRICT_PROTOTYPES = YES;
				CLANG_WARN_SUSPICIOUS_MOVE = YES;
				CLANG_WARN_UNGUARDED_AVAILABILITY = YES_AGGRESSIVE;
				CLANG_WARN_UNREACHABLE_CODE = YES;
				CLANG_WARN__DUPLICATE_METHOD_MATCH = YES;
				COPY_PHASE_STRIP = NO;
				DEBUG_INFORMATION_FORMAT = dwarf;
				ENABLE_STRICT_OBJC_MSGSEND = YES;
				ENABLE_TESTABILITY = YES;
				ENABLE_USER_SCRIPT_SANDBOXING = YES;
				GCC_C_LANGUAGE_STANDARD = gnu17;
				GCC_DYNAMIC_NO_PIC = NO;
				GCC_NO_COMMON_BLOCKS = YES;
				GCC_OPTIMIZATION_LEVEL = 0;
				GCC_PREPROCESSOR_DEFINITIONS = (
					"DEBUG=1",
					"$(inherited)",
				);
				GCC_WARN_64_TO_32_BIT_CONVERSION = YES;
				GCC_WARN_ABOUT_RETURN_TYPE = YES_ERROR;
				GCC_WARN_UNDECLARED_SELECTOR = YES;
				GCC_WARN_UNINITIALIZED_AUTOS = YES_AGGRESSIVE;
				GCC_WARN_UNUSED_FUNCTION = YES;
				GCC_WARN_UNUSED_VARIABLE = YES;
				IPHONEOS_DEPLOYMENT_TARGET = 15.0;
				LOCALIZATION_PREFERS_STRING_CATALOGS = YES;
				MTL_ENABLE_DEBUG_INFO = INCLUDE_SOURCE;
				MTL_FAST_MATH = YES;
				ONLY_ACTIVE_ARCH = YES;
				SDKROOT = iphoneos;
				SWIFT_ACTIVE_COMPILATION_CONDITIONS = "DEBUG $(inherited)";
				SWIFT_OPTIMIZATION_LEVEL = "-Onone";
			};
			name = Debug;
		};
		67EE827D2BE8E317001CE617 /* Release */ = {
			isa = XCBuildConfiguration;
			buildSettings = {
				ALWAYS_SEARCH_USER_PATHS = NO;
				ASSETCATALOG_COMPILER_GENERATE_SWIFT_ASSET_SYMBOL_EXTENSIONS = YES;
				CLANG_ANALYZER_NONNULL = YES;
				CLANG_ANALYZER_NUMBER_OBJECT_CONVERSION = YES_AGGRESSIVE;
				CLANG_CXX_LANGUAGE_STANDARD = "gnu++20";
				CLANG_ENABLE_MODULES = YES;
				CLANG_ENABLE_OBJC_ARC = YES;
				CLANG_ENABLE_OBJC_WEAK = YES;
				CLANG_WARN_BLOCK_CAPTURE_AUTORELEASING = YES;
				CLANG_WARN_BOOL_CONVERSION = YES;
				CLANG_WARN_COMMA = YES;
				CLANG_WARN_CONSTANT_CONVERSION = YES;
				CLANG_WARN_DEPRECATED_OBJC_IMPLEMENTATIONS = YES;
				CLANG_WARN_DIRECT_OBJC_ISA_USAGE = YES_ERROR;
				CLANG_WARN_DOCUMENTATION_COMMENTS = YES;
				CLANG_WARN_EMPTY_BODY = YES;
				CLANG_WARN_ENUM_CONVERSION = YES;
				CLANG_WARN_INFINITE_RECURSION = YES;
				CLANG_WARN_INT_CONVERSION = YES;
				CLANG_WARN_NON_LITERAL_NULL_CONVERSION = YES;
				CLANG_WARN_OBJC_IMPLICIT_RETAIN_SELF = YES;
				CLANG_WARN_OBJC_LITERAL_CONVERSION = YES;
				CLANG_WARN_OBJC_ROOT_CLASS = YES_ERROR;
				CLANG_WARN_QUOTED_INCLUDE_IN_FRAMEWORK_HEADER = YES;
				CLANG_WARN_RANGE_LOOP_ANALYSIS = YES;
				CLANG_WARN_STRICT_PROTOTYPES = YES;
				CLANG_WARN_SUSPICIOUS_MOVE = YES;
				CLANG_WARN_UNGUARDED_AVAILABILITY = YES_AGGRESSIVE;
				CLANG_WARN_UNREACHABLE_CODE = YES;
				CLANG_WARN__DUPLICATE_METHOD_MATCH = YES;
				COPY_PHASE_STRIP = NO;
				DEBUG_INFORMATION_FORMAT = "dwarf-with-dsym";
				ENABLE_NS_ASSERTIONS = NO;
				ENABLE_STRICT_OBJC_MSGSEND = YES;
				ENABLE_USER_SCRIPT_SANDBOXING = YES;
				GCC_C_LANGUAGE_STANDARD = gnu17;
				GCC_NO_COMMON_BLOCKS = YES;
				GCC_WARN_64_TO_32_BIT_CONVERSION = YES;
				GCC_WARN_ABOUT_RETURN_TYPE = YES_ERROR;
				GCC_WARN_UNDECLARED_SELECTOR = YES;
				GCC_WARN_UNINITIALIZED_AUTOS = YES_AGGRESSIVE;
				GCC_WARN_UNUSED_FUNCTION = YES;
				GCC_WARN_UNUSED_VARIABLE = YES;
				IPHONEOS_DEPLOYMENT_TARGET = 15.0;
				LOCALIZATION_PREFERS_STRING_CATALOGS = YES;
				MTL_ENABLE_DEBUG_INFO = NO;
				MTL_FAST_MATH = YES;
				SDKROOT = iphoneos;
				SWIFT_COMPILATION_MODE = wholemodule;
				VALIDATE_PRODUCT = YES;
			};
			name = Release;
		};
		67EE827F2BE8E317001CE617 /* Debug */ = {
			isa = XCBuildConfiguration;
			buildSettings = {
				ASSETCATALOG_COMPILER_APPICON_NAME = AppIcon;
				ASSETCATALOG_COMPILER_GLOBAL_ACCENT_COLOR_NAME = AccentColor;
				CODE_SIGN_STYLE = Automatic;
				CURRENT_PROJECT_VERSION = 1;
				DEVELOPMENT_ASSET_PATHS = "\"SUIProf/Preview Content\"";
				DEVELOPMENT_TEAM = RD3BV5S34P;
				ENABLE_PREVIEWS = YES;
				GENERATE_INFOPLIST_FILE = YES;
				INFOPLIST_KEY_UIApplicationSceneManifest_Generation = YES;
				INFOPLIST_KEY_UIApplicationSupportsIndirectInputEvents = YES;
				INFOPLIST_KEY_UILaunchScreen_Generation = YES;
				INFOPLIST_KEY_UISupportedInterfaceOrientations_iPad = "UIInterfaceOrientationPortrait UIInterfaceOrientationPortraitUpsideDown UIInterfaceOrientationLandscapeLeft UIInterfaceOrientationLandscapeRight";
				INFOPLIST_KEY_UISupportedInterfaceOrientations_iPhone = "UIInterfaceOrientationPortrait UIInterfaceOrientationLandscapeLeft UIInterfaceOrientationLandscapeRight";
				IPHONEOS_DEPLOYMENT_TARGET = 15.0;
				LD_RUNPATH_SEARCH_PATHS = (
					"$(inherited)",
					"@executable_path/Frameworks",
				);
				MARKETING_VERSION = 1.0;
				PRODUCT_BUNDLE_IDENTIFIER = "Dylan-Sanders.SUIProf";
				PRODUCT_NAME = "$(TARGET_NAME)";
				SWIFT_EMIT_LOC_STRINGS = YES;
				SWIFT_VERSION = 5.0;
				TARGETED_DEVICE_FAMILY = "1,2";
			};
			name = Debug;
		};
		67EE82802BE8E317001CE617 /* Release */ = {
			isa = XCBuildConfiguration;
			buildSettings = {
				ASSETCATALOG_COMPILER_APPICON_NAME = AppIcon;
				ASSETCATALOG_COMPILER_GLOBAL_ACCENT_COLOR_NAME = AccentColor;
				CODE_SIGN_STYLE = Automatic;
				CURRENT_PROJECT_VERSION = 1;
				DEVELOPMENT_ASSET_PATHS = "\"SUIProf/Preview Content\"";
				DEVELOPMENT_TEAM = RD3BV5S34P;
				ENABLE_PREVIEWS = YES;
				GENERATE_INFOPLIST_FILE = YES;
				INFOPLIST_KEY_UIApplicationSceneManifest_Generation = YES;
				INFOPLIST_KEY_UIApplicationSupportsIndirectInputEvents = YES;
				INFOPLIST_KEY_UILaunchScreen_Generation = YES;
				INFOPLIST_KEY_UISupportedInterfaceOrientations_iPad = "UIInterfaceOrientationPortrait UIInterfaceOrientationPortraitUpsideDown UIInterfaceOrientationLandscapeLeft UIInterfaceOrientationLandscapeRight";
				INFOPLIST_KEY_UISupportedInterfaceOrientations_iPhone = "UIInterfaceOrientationPortrait UIInterfaceOrientationLandscapeLeft UIInterfaceOrientationLandscapeRight";
				IPHONEOS_DEPLOYMENT_TARGET = 15.0;
				LD_RUNPATH_SEARCH_PATHS = (
					"$(inherited)",
					"@executable_path/Frameworks",
				);
				MARKETING_VERSION = 1.0;
				PRODUCT_BUNDLE_IDENTIFIER = "Dylan-Sanders.SUIProf";
				PRODUCT_NAME = "$(TARGET_NAME)";
				SWIFT_EMIT_LOC_STRINGS = YES;
				SWIFT_VERSION = 5.0;
				TARGETED_DEVICE_FAMILY = "1,2";
			};
			name = Release;
		};
/* End XCBuildConfiguration section */

/* Begin XCConfigurationList section */
		67EE826B2BE8E315001CE617 /* Build configuration list for PBXProject "SUIProf" */ = {
			isa = XCConfigurationList;
			buildConfigurations = (
				67EE827C2BE8E317001CE617 /* Debug */,
				67EE827D2BE8E317001CE617 /* Release */,
			);
			defaultConfigurationIsVisible = 0;
			defaultConfigurationName = Release;
		};
		67EE827E2BE8E317001CE617 /* Build configuration list for PBXNativeTarget "SUIProf" */ = {
			isa = XCConfigurationList;
			buildConfigurations = (
				67EE827F2BE8E317001CE617 /* Debug */,
				67EE82802BE8E317001CE617 /* Release */,
			);
			defaultConfigurationIsVisible = 0;
			defaultConfigurationName = Release;
		};
/* End XCConfigurationList section */
	};
	rootObject = 67EE82682BE8E315001CE617 /* Project object */;
}
